
Microsoft Visual Studio Solution File, Format Version 12.00
# Visual Studio Version 17
VisualStudioVersion = 17.0.31903.59
MinimumVisualStudioVersion = 10.0.40219.1
Project("{FAE04EC0-301F-11D3-BF4B-00C04F79EFBC}") = "Wpm.Management.Domain", "Wpm.Management.Domain\Wpm.Management.Domain.csproj", "{826EAB74-B896-42CA-B240-E0A9037C6B0E}"
EndProject
Project("{FAE04EC0-301F-11D3-BF4B-00C04F79EFBC}") = "Wpm.Management.Domain.Tests", "Wpm.Management.Domain.Tests\Wpm.Management.Domain.Tests.csproj", "{3C40D8AE-EC4D-41E5-97A6-3017F38C2C24}"
EndProject
Project("{FAE04EC0-301F-11D3-BF4B-00C04F79EFBC}") = "Wpm.Clinic.Api", "Wpm.Clinic.Api\Wpm.Clinic.Api.csproj", "{E44327B1-D151-49B6-AA83-7E1794AF5109}"
EndProject
Project("{FAE04EC0-301F-11D3-BF4B-00C04F79EFBC}") = "Wpm.Clinic.Domain", "Wpm.Clinic.Domain\Wpm.Clinic.Domain.csproj", "{82C7BF04-0FB2-438C-86B3-A88EFA3FB3BC}"
EndProject
Project("{FAE04EC0-301F-11D3-BF4B-00C04F79EFBC}") = "Wpm.Clinic.Domain.Tests", "Wpm.Clinic.Domain.Tests\Wpm.Clinic.Domain.Tests.csproj", "{9ED8A5BE-28A6-4483-AADF-B4F5C3799545}"
EndProject
Project("{FAE04EC0-301F-11D3-BF4B-00C04F79EFBC}") = "Wpm.SharedKernel", "Wpm.SharedKernel\Wpm.SharedKernel.csproj", "{8EB2CF5E-6423-4B88-9913-3D0CBAACF80A}"
EndProject
Project("{FAE04EC0-301F-11D3-BF4B-00C04F79EFBC}") = "Wpm.Management.Api", "Wpm.Api\Wpm.Management.Api.csproj", "{B31D0DFD-1E90-448A-AC6D-A7CBABB97EDD}"
EndProject
Global
	GlobalSection(SolutionConfigurationPlatforms) = preSolution
		Debug|Any CPU = Debug|Any CPU
		Debug|x64 = Debug|x64
		Debug|x86 = Debug|x86
		Release|Any CPU = Release|Any CPU
		Release|x64 = Release|x64
		Release|x86 = Release|x86
	EndGlobalSection
	GlobalSection(ProjectConfigurationPlatforms) = postSolution
		{826EAB74-B896-42CA-B240-E0A9037C6B0E}.Debug|Any CPU.ActiveCfg = Debug|Any CPU
		{826EAB74-B896-42CA-B240-E0A9037C6B0E}.Debug|Any CPU.Build.0 = Debug|Any CPU
		{826EAB74-B896-42CA-B240-E0A9037C6B0E}.Debug|x64.ActiveCfg = Debug|Any CPU
		{826EAB74-B896-42CA-B240-E0A9037C6B0E}.Debug|x64.Build.0 = Debug|Any CPU
		{826EAB74-B896-42CA-B240-E0A9037C6B0E}.Debug|x86.ActiveCfg = Debug|Any CPU
		{826EAB74-B896-42CA-B240-E0A9037C6B0E}.Debug|x86.Build.0 = Debug|Any CPU
		{826EAB74-B896-42CA-B240-E0A9037C6B0E}.Release|Any CPU.ActiveCfg = Release|Any CPU
		{826EAB74-B896-42CA-B240-E0A9037C6B0E}.Release|Any CPU.Build.0 = Release|Any CPU
		{826EAB74-B896-42CA-B240-E0A9037C6B0E}.Release|x64.ActiveCfg = Release|Any CPU
		{826EAB74-B896-42CA-B240-E0A9037C6B0E}.Release|x64.Build.0 = Release|Any CPU
		{826EAB74-B896-42CA-B240-E0A9037C6B0E}.Release|x86.ActiveCfg = Release|Any CPU
		{826EAB74-B896-42CA-B240-E0A9037C6B0E}.Release|x86.Build.0 = Release|Any CPU
		{3C40D8AE-EC4D-41E5-97A6-3017F38C2C24}.Debug|Any CPU.ActiveCfg = Debug|Any CPU
		{3C40D8AE-EC4D-41E5-97A6-3017F38C2C24}.Debug|Any CPU.Build.0 = Debug|Any CPU
		{3C40D8AE-EC4D-41E5-97A6-3017F38C2C24}.Debug|x64.ActiveCfg = Debug|Any CPU
		{3C40D8AE-EC4D-41E5-97A6-3017F38C2C24}.Debug|x64.Build.0 = Debug|Any CPU
		{3C40D8AE-EC4D-41E5-97A6-3017F38C2C24}.Debug|x86.ActiveCfg = Debug|Any CPU
		{3C40D8AE-EC4D-41E5-97A6-3017F38C2C24}.Debug|x86.Build.0 = Debug|Any CPU
		{3C40D8AE-EC4D-41E5-97A6-3017F38C2C24}.Release|Any CPU.ActiveCfg = Release|Any CPU
		{3C40D8AE-EC4D-41E5-97A6-3017F38C2C24}.Release|Any CPU.Build.0 = Release|Any CPU
		{3C40D8AE-EC4D-41E5-97A6-3017F38C2C24}.Release|x64.ActiveCfg = Release|Any CPU
		{3C40D8AE-EC4D-41E5-97A6-3017F38C2C24}.Release|x64.Build.0 = Release|Any CPU
		{3C40D8AE-EC4D-41E5-97A6-3017F38C2C24}.Release|x86.ActiveCfg = Release|Any CPU
		{3C40D8AE-EC4D-41E5-97A6-3017F38C2C24}.Release|x86.Build.0 = Release|Any CPU
		{E44327B1-D151-49B6-AA83-7E1794AF5109}.Debug|Any CPU.ActiveCfg = Debug|Any CPU
		{E44327B1-D151-49B6-AA83-7E1794AF5109}.Debug|Any CPU.Build.0 = Debug|Any CPU
		{E44327B1-D151-49B6-AA83-7E1794AF5109}.Debug|x64.ActiveCfg = Debug|Any CPU
		{E44327B1-D151-49B6-AA83-7E1794AF5109}.Debug|x64.Build.0 = Debug|Any CPU
		{E44327B1-D151-49B6-AA83-7E1794AF5109}.Debug|x86.ActiveCfg = Debug|Any CPU
		{E44327B1-D151-49B6-AA83-7E1794AF5109}.Debug|x86.Build.0 = Debug|Any CPU
		{E44327B1-D151-49B6-AA83-7E1794AF5109}.Release|Any CPU.ActiveCfg = Release|Any CPU
		{E44327B1-D151-49B6-AA83-7E1794AF5109}.Release|Any CPU.Build.0 = Release|Any CPU
		{E44327B1-D151-49B6-AA83-7E1794AF5109}.Release|x64.ActiveCfg = Release|Any CPU
		{E44327B1-D151-49B6-AA83-7E1794AF5109}.Release|x64.Build.0 = Release|Any CPU
		{E44327B1-D151-49B6-AA83-7E1794AF5109}.Release|x86.ActiveCfg = Release|Any CPU
		{E44327B1-D151-49B6-AA83-7E1794AF5109}.Release|x86.Build.0 = Release|Any CPU
		{82C7BF04-0FB2-438C-86B3-A88EFA3FB3BC}.Debug|Any CPU.ActiveCfg = Debug|Any CPU
		{82C7BF04-0FB2-438C-86B3-A88EFA3FB3BC}.Debug|Any CPU.Build.0 = Debug|Any CPU
		{82C7BF04-0FB2-438C-86B3-A88EFA3FB3BC}.Debug|x64.ActiveCfg = Debug|Any CPU
		{82C7BF04-0FB2-438C-86B3-A88EFA3FB3BC}.Debug|x64.Build.0 = Debug|Any CPU
		{82C7BF04-0FB2-438C-86B3-A88EFA3FB3BC}.Debug|x86.ActiveCfg = Debug|Any CPU
		{82C7BF04-0FB2-438C-86B3-A88EFA3FB3BC}.Debug|x86.Build.0 = Debug|Any CPU
		{82C7BF04-0FB2-438C-86B3-A88EFA3FB3BC}.Release|Any CPU.ActiveCfg = Release|Any CPU
		{82C7BF04-0FB2-438C-86B3-A88EFA3FB3BC}.Release|Any CPU.Build.0 = Release|Any CPU
		{82C7BF04-0FB2-438C-86B3-A88EFA3FB3BC}.Release|x64.ActiveCfg = Release|Any CPU
		{82C7BF04-0FB2-438C-86B3-A88EFA3FB3BC}.Release|x64.Build.0 = Release|Any CPU
		{82C7BF04-0FB2-438C-86B3-A88EFA3FB3BC}.Release|x86.ActiveCfg = Release|Any CPU
		{82C7BF04-0FB2-438C-86B3-A88EFA3FB3BC}.Release|x86.Build.0 = Release|Any CPU
		{9ED8A5BE-28A6-4483-AADF-B4F5C3799545}.Debug|Any CPU.ActiveCfg = Debug|Any CPU
		{9ED8A5BE-28A6-4483-AADF-B4F5C3799545}.Debug|Any CPU.Build.0 = Debug|Any CPU
		{9ED8A5BE-28A6-4483-AADF-B4F5C3799545}.Debug|x64.ActiveCfg = Debug|Any CPU
		{9ED8A5BE-28A6-4483-AADF-B4F5C3799545}.Debug|x64.Build.0 = Debug|Any CPU
		{9ED8A5BE-28A6-4483-AADF-B4F5C3799545}.Debug|x86.ActiveCfg = Debug|Any CPU
		{9ED8A5BE-28A6-4483-AADF-B4F5C3799545}.Debug|x86.Build.0 = Debug|Any CPU
		{9ED8A5BE-28A6-4483-AADF-B4F5C3799545}.Release|Any CPU.ActiveCfg = Release|Any CPU
		{9ED8A5BE-28A6-4483-AADF-B4F5C3799545}.Release|Any CPU.Build.0 = Release|Any CPU
		{9ED8A5BE-28A6-4483-AADF-B4F5C3799545}.Release|x64.ActiveCfg = Release|Any CPU
		{9ED8A5BE-28A6-4483-AADF-B4F5C3799545}.Release|x64.Build.0 = Release|Any CPU
		{9ED8A5BE-28A6-4483-AADF-B4F5C3799545}.Release|x86.ActiveCfg = Release|Any CPU
		{9ED8A5BE-28A6-4483-AADF-B4F5C3799545}.Release|x86.Build.0 = Release|Any CPU
		{8EB2CF5E-6423-4B88-9913-3D0CBAACF80A}.Debug|Any CPU.ActiveCfg = Debug|Any CPU
		{8EB2CF5E-6423-4B88-9913-3D0CBAACF80A}.Debug|Any CPU.Build.0 = Debug|Any CPU
		{8EB2CF5E-6423-4B88-9913-3D0CBAACF80A}.Debug|x64.ActiveCfg = Debug|Any CPU
		{8EB2CF5E-6423-4B88-9913-3D0CBAACF80A}.Debug|x64.Build.0 = Debug|Any CPU
		{8EB2CF5E-6423-4B88-9913-3D0CBAACF80A}.Debug|x86.ActiveCfg = Debug|Any CPU
		{8EB2CF5E-6423-4B88-9913-3D0CBAACF80A}.Debug|x86.Build.0 = Debug|Any CPU
		{8EB2CF5E-6423-4B88-9913-3D0CBAACF80A}.Release|Any CPU.ActiveCfg = Release|Any CPU
		{8EB2CF5E-6423-4B88-9913-3D0CBAACF80A}.Release|Any CPU.Build.0 = Release|Any CPU
		{8EB2CF5E-6423-4B88-9913-3D0CBAACF80A}.Release|x64.ActiveCfg = Release|Any CPU
		{8EB2CF5E-6423-4B88-9913-3D0CBAACF80A}.Release|x64.Build.0 = Release|Any CPU
		{8EB2CF5E-6423-4B88-9913-3D0CBAACF80A}.Release|x86.ActiveCfg = Release|Any CPU
		{8EB2CF5E-6423-4B88-9913-3D0CBAACF80A}.Release|x86.Build.0 = Release|Any CPU
		{B31D0DFD-1E90-448A-AC6D-A7CBABB97EDD}.Debug|Any CPU.ActiveCfg = Debug|Any CPU
		{B31D0DFD-1E90-448A-AC6D-A7CBABB97EDD}.Debug|Any CPU.Build.0 = Debug|Any CPU
		{B31D0DFD-1E90-448A-AC6D-A7CBABB97EDD}.Debug|x64.ActiveCfg = Debug|Any CPU
		{B31D0DFD-1E90-448A-AC6D-A7CBABB97EDD}.Debug|x64.Build.0 = Debug|Any CPU
		{B31D0DFD-1E90-448A-AC6D-A7CBABB97EDD}.Debug|x86.ActiveCfg = Debug|Any CPU
		{B31D0DFD-1E90-448A-AC6D-A7CBABB97EDD}.Debug|x86.Build.0 = Debug|Any CPU
		{B31D0DFD-1E90-448A-AC6D-A7CBABB97EDD}.Release|Any CPU.ActiveCfg = Release|Any CPU
		{B31D0DFD-1E90-448A-AC6D-A7CBABB97EDD}.Release|Any CPU.Build.0 = Release|Any CPU
		{B31D0DFD-1E90-448A-AC6D-A7CBABB97EDD}.Release|x64.ActiveCfg = Release|Any CPU
		{B31D0DFD-1E90-448A-AC6D-A7CBABB97EDD}.Release|x64.Build.0 = Release|Any CPU
		{B31D0DFD-1E90-448A-AC6D-A7CBABB97EDD}.Release|x86.ActiveCfg = Release|Any CPU
		{B31D0DFD-1E90-448A-AC6D-A7CBABB97EDD}.Release|x86.Build.0 = Release|Any CPU
	EndGlobalSection
	GlobalSection(SolutionProperties) = preSolution
		HideSolutionNode = FALSE
	EndGlobalSection
	GlobalSection(ExtensibilityGlobals) = postSolution
		SolutionGuid = {A61337A5-A698-415D-89DC-4166E421731B}
	EndGlobalSection
EndGlobal
